
Microsoft Visual Studio Solution File, Format Version 12.00
# Visual Studio Version 16
VisualStudioVersion = 16.0.32901.82
MinimumVisualStudioVersion = 10.0.40219.1
Project("{FAE04EC0-301F-11D3-BF4B-00C04F79EFBC}") = "Xiaos", "Xiaos.csproj", "{EC42AC30-618E-4E03-A0B4-AC99593C2C1D}"
EndProject
Global
	GlobalSection(SolutionConfigurationPlatforms) = preSolution
		Debug|Any CPU = Debug|Any CPU
		Release|Any CPU = Release|Any CPU
	EndGlobalSection
	GlobalSection(ProjectConfigurationPlatforms) = postSolution
		{EC42AC30-618E-4E03-A0B4-AC99593C2C1D}.Debug|Any CPU.ActiveCfg = Debug|Any CPU
		{EC42AC30-618E-4E03-A0B4-AC99593C2C1D}.Debug|Any CPU.Build.0 = Debug|Any CPU
		{EC42AC30-618E-4E03-A0B4-AC99593C2C1D}.Release|Any CPU.ActiveCfg = Release|Any CPU
		{EC42AC30-618E-4E03-A0B4-AC99593C2C1D}.Release|Any CPU.Build.0 = Release|Any CPU
	EndGlobalSection
	GlobalSection(SolutionProperties) = preSolution
		HideSolutionNode = FALSE
	EndGlobalSection
	GlobalSection(ExtensibilityGlobals) = postSolution
		SolutionGuid = {33DB5812-54A4-4198-A8A8-882B9E905E33}
	EndGlobalSection
EndGlobal
